{
  "nodes": {
    "a3": {
      "inputs": {
        "home": "home",
        "nixpkgs": [
          "nixpkgs"
        ]
      },
      "locked": {
        "lastModified": 1,
        "narHash": "sha256-UUnXWpurRiYFJH66nKiKTOqBVU6gblbZMf89Z6u5xlY=",
        "path": "/nix/store/3harlyylzsb2kg3r2df6b2vb3v7f8m4g-source/nixos/src",
        "type": "path"
      },
      "original": {
        "path": "/nix/store/3harlyylzsb2kg3r2df6b2vb3v7f8m4g-source/nixos/src",
        "type": "path"
      }
    },
    "darwin": {
      "inputs": {
        "nixpkgs": [
          "nixpkgs"
        ]
      },
      "locked": {
        "lastModified": 1668784520,
        "narHash": "sha256-gGgVAMwYPPmrfnvnoRi6OkEB5KRsNTb9uYzEceLdO/g=",
        "owner": "lnl7",
        "repo": "nix-darwin",
        "rev": "6349b99bc2b96ded34d068a88c7c5ced406b7f7f",
        "type": "github"
      },
      "original": {
        "owner": "lnl7",
        "ref": "master",
        "repo": "nix-darwin",
        "type": "github"
      }
    },
    "emacs-color-theme-solarized": {
      "flake": false,
      "locked": {
        "lastModified": 1508858744,
        "narHash": "sha256-oxX0lo6sxotEiR3nPrKPE9H01HKB3ohB/p8eEHFTp5k=",
        "owner": "sellout",
        "repo": "emacs-color-theme-solarized",
        "rev": "f3ca8902ea056fb8e46cb09f09c96294e31cd4ee",
        "type": "github"
      },
      "original": {
        "owner": "sellout",
        "repo": "emacs-color-theme-solarized",
        "type": "github"
      }
    },
    "emacs-sensible-defaults": {
      "flake": false,
      "locked": {
        "lastModified": 1652976211,
        "narHash": "sha256-MiW8Jxy9Wv9txfYx9Y+QbUjlUSeNtGVNX7KNeN39cKY=",
        "owner": "hrs",
        "repo": "sensible-defaults.el",
        "rev": "82f45b3f06ae76e45756e5b89b4be9d5e479105f",
        "type": "github"
      },
      "original": {
        "owner": "hrs",
        "repo": "sensible-defaults.el",
        "type": "github"
      }
    },
    "home": {
      "inputs": {
        "emacs-color-theme-solarized": "emacs-color-theme-solarized",
        "emacs-sensible-defaults": "emacs-sensible-defaults",
        "home-manager": "home-manager",
        "i3blocks-contrib": "i3blocks-contrib",
        "nixpkgs": [
          "a3",
          "nixpkgs"
        ],
        "solarized-xresources": "solarized-xresources"
      },
      "locked": {
        "lastModified": 1,
        "narHash": "sha256-M+BtZ0P0JAU8h3vWfDcovFKbI4kz0gZLW1KtuvSvVQ8=",
        "path": "/nix/store/kkgljgdhx9ncbnf6fb14fg8kch2pkyjj-source/home",
        "type": "path"
      },
      "original": {
        "path": "/nix/store/kkgljgdhx9ncbnf6fb14fg8kch2pkyjj-source/home",
        "type": "path"
      }
    },
    "home-manager": {
      "inputs": {
        "nixpkgs": [
          "a3",
          "home",
          "nixpkgs"
        ],
        "utils": "utils"
      },
      "locked": {
        "lastModified": 1670253003,
        "narHash": "sha256-/tJIy4+FbsQyslq1ipyicZ2psOEd8dvl4OJ9lfisjd0=",
        "owner": "nix-community",
        "repo": "home-manager",
        "rev": "0e8125916b420e41bf0d23a0aa33fadd0328beb3",
        "type": "github"
      },
      "original": {
        "owner": "nix-community",
        "ref": "release-22.11",
        "repo": "home-manager",
        "type": "github"
      }
    },
    "i3blocks-contrib": {
      "flake": false,
      "locked": {
        "lastModified": 1670390867,
        "narHash": "sha256-z7bLhDex8qCPBX73Umpg47VB4csxr2p6VMIyf/cjCdw=",
        "owner": "vivien",
        "repo": "i3blocks-contrib",
        "rev": "fc2c10551c32558be44226c6924d64bae611e32c",
        "type": "github"
      },
      "original": {
        "owner": "vivien",
        "repo": "i3blocks-contrib",
        "type": "github"
      }
    },
    "nixos-hardware": {
      "locked": {
        "lastModified": 1670174919,
        "narHash": "sha256-XdQr3BUnrvVLRFunLWrZORhwYHDG0+9jUUe0Jv1pths=",
        "owner": "NixOS",
        "repo": "nixos-hardware",
        "rev": "9d87bc030a0bf3f00e953dbf095a7d8e852dab6b",
        "type": "github"
      },
      "original": {
        "owner": "NixOS",
        "repo": "nixos-hardware",
        "type": "github"
      }
    },
    "nixpkgs": {
      "locked": {
        "lastModified": 1670372410,
        "narHash": "sha256-BDiOUkuqgq5DP+E5xfTzIFYYyMb8DpSLYmeaOBeZ0vg=",
        "owner": "NixOS",
        "repo": "nixpkgs",
        "rev": "5528350186a9e826588cee1329640899ca44a0cf",
        "type": "github"
      },
      "original": {
        "id": "nixpkgs",
        "ref": "nixos-22.11",
        "type": "indirect"
      }
    },
    "nixpkgs-unstable": {
      "locked": {
        "lastModified": 1670267727,
        "narHash": "sha256-hUFAn5gjNHIBpLQT0CmqpuQjQwgWUm+D6aziGAYsDmw=",
        "owner": "NixOS",
        "repo": "nixpkgs",
        "rev": "a5f661b80e4c163510a5013b585a040a5c7ef55e",
        "type": "github"
      },
      "original": {
        "id": "nixpkgs",
        "ref": "nixpkgs-unstable",
        "type": "indirect"
      }
    },
    "root": {
      "inputs": {
        "a3": "a3",
        "darwin": "darwin",
        "nixos-hardware": "nixos-hardware",
        "nixpkgs": "nixpkgs",
        "nixpkgs-unstable": "nixpkgs-unstable"
      }
    },
    "solarized-xresources": {
      "flake": false,
      "locked": {
        "lastModified": 1430001079,
        "narHash": "sha256-Ls2wr69YKMDUBHKgOB4Im01dQ9V2WURHSx4NWN8Zu1M=",
        "owner": "solarized",
        "repo": "xresources",
        "rev": "025ceddbddf55f2eb4ab40b05889148aab9699fc",
        "type": "github"
      },
      "original": {
        "owner": "solarized",
        "repo": "xresources",
        "type": "github"
      }
    },
    "utils": {
      "locked": {
        "lastModified": 1667395993,
        "narHash": "sha256-nuEHfE/LcWyuSWnS8t12N1wc105Qtau+/OdUAjtQ0rA=",
        "owner": "numtide",
        "repo": "flake-utils",
        "rev": "5aed5285a952e0b949eb3ba02c12fa4fcfef535f",
        "type": "github"
      },
      "original": {
        "owner": "numtide",
        "repo": "flake-utils",
        "type": "github"
      }
    }
  },
  "root": "root",
  "version": 7
}
