{
  "nodes": {
    "a3": {
      "inputs": {
        "home": "home",
        "nixpkgs": [
          "nixpkgs"
        ]
      },
      "locked": {
        "lastModified": 1,
        "narHash": "sha256-V111AvhJnmw+dgqGOOZ+77QWhHvWQ1iS2XOevx+tOWg=",
        "path": "/nix/store/kb1nr9k9834vdan7zxaij4qn4ydr0vfx-source/nixos/src",
        "type": "path"
      },
      "original": {
        "path": "/nix/store/kb1nr9k9834vdan7zxaij4qn4ydr0vfx-source/nixos/src",
        "type": "path"
      }
    },
    "darwin": {
      "inputs": {
        "nixpkgs": [
          "nixpkgs"
        ]
      },
      "locked": {
        "lastModified": 1661154924,
        "narHash": "sha256-zwkShc4VZ9feLeIrWjdm6YkZBoobzXETF5xIIgi++Ec=",
        "owner": "lnl7",
        "repo": "nix-darwin",
        "rev": "5af1aa51f63d734284bf6728a21d2c9c31eb7492",
        "type": "github"
      },
      "original": {
        "owner": "lnl7",
        "ref": "master",
        "repo": "nix-darwin",
        "type": "github"
      }
    },
    "emacs-color-theme-solarized": {
      "flake": false,
      "locked": {
        "lastModified": 1508858744,
        "narHash": "sha256-oxX0lo6sxotEiR3nPrKPE9H01HKB3ohB/p8eEHFTp5k=",
        "owner": "sellout",
        "repo": "emacs-color-theme-solarized",
        "rev": "f3ca8902ea056fb8e46cb09f09c96294e31cd4ee",
        "type": "github"
      },
      "original": {
        "owner": "sellout",
        "repo": "emacs-color-theme-solarized",
        "type": "github"
      }
    },
    "emacs-sensible-defaults": {
      "flake": false,
      "locked": {
        "lastModified": 1652976211,
        "narHash": "sha256-MiW8Jxy9Wv9txfYx9Y+QbUjlUSeNtGVNX7KNeN39cKY=",
        "owner": "hrs",
        "repo": "sensible-defaults.el",
        "rev": "82f45b3f06ae76e45756e5b89b4be9d5e479105f",
        "type": "github"
      },
      "original": {
        "owner": "hrs",
        "repo": "sensible-defaults.el",
        "type": "github"
      }
    },
    "home": {
      "inputs": {
        "emacs-color-theme-solarized": "emacs-color-theme-solarized",
        "emacs-sensible-defaults": "emacs-sensible-defaults",
        "home-manager": "home-manager",
        "i3blocks-contrib": "i3blocks-contrib",
        "nixpkgs": [
          "a3",
          "nixpkgs"
        ],
        "solarized-xresources": "solarized-xresources"
      },
      "locked": {
        "lastModified": 1,
        "narHash": "sha256-of5A1kTLOtEJrtnoiF+6UDyXkbqiuJZ+ecG848894MQ=",
        "path": "/nix/store/1lgrgl4myivnrszdmivajh2z6w4bc2sd-source/home",
        "type": "path"
      },
      "original": {
        "path": "/nix/store/1lgrgl4myivnrszdmivajh2z6w4bc2sd-source/home",
        "type": "path"
      }
    },
    "home-manager": {
      "inputs": {
        "nixpkgs": [
          "a3",
          "home",
          "nixpkgs"
        ]
      },
      "locked": {
        "lastModified": 1656169755,
        "narHash": "sha256-Nlnm4jeQWEGjYrE6hxi/7HYHjBSZ/E0RtjCYifnNsWk=",
        "owner": "nix-community",
        "repo": "home-manager",
        "rev": "4a3d01fb53f52ac83194081272795aa4612c2381",
        "type": "github"
      },
      "original": {
        "owner": "nix-community",
        "ref": "release-22.05",
        "repo": "home-manager",
        "type": "github"
      }
    },
    "i3blocks-contrib": {
      "flake": false,
      "locked": {
        "lastModified": 1652480301,
        "narHash": "sha256-00mmkOSOhcAU3FXdg2psiFJSo0TLrCUUvB6aMJhAgUo=",
        "owner": "vivien",
        "repo": "i3blocks-contrib",
        "rev": "719da43e036bae48be01b72f2d1fe24342b19ffc",
        "type": "github"
      },
      "original": {
        "owner": "vivien",
        "repo": "i3blocks-contrib",
        "type": "github"
      }
    },
    "nixos-hardware": {
      "locked": {
        "lastModified": 1660407119,
        "narHash": "sha256-04lWO0pDbhAXFdL4v2VzzwgxrZ5IefKn+TmZPiPeKxg=",
        "owner": "NixOS",
        "repo": "nixos-hardware",
        "rev": "12620020f76b1b5d2b0e6fbbda831ed4f5fe56e1",
        "type": "github"
      },
      "original": {
        "owner": "NixOS",
        "repo": "nixos-hardware",
        "type": "github"
      }
    },
    "nixpkgs": {
      "locked": {
        "lastModified": 1661094678,
        "narHash": "sha256-RtaVb6SqfrgCi20gdju1ogS3u1ocyLnhsgolazrCwL0=",
        "owner": "NixOS",
        "repo": "nixpkgs",
        "rev": "23534df34c1c499a6c82ce690df06d8c6e4e759d",
        "type": "github"
      },
      "original": {
        "id": "nixpkgs",
        "ref": "nixos-22.05",
        "type": "indirect"
      }
    },
    "root": {
      "inputs": {
        "a3": "a3",
        "darwin": "darwin",
        "nixos-hardware": "nixos-hardware",
        "nixpkgs": "nixpkgs"
      }
    },
    "solarized-xresources": {
      "flake": false,
      "locked": {
        "lastModified": 1430001079,
        "narHash": "sha256-Ls2wr69YKMDUBHKgOB4Im01dQ9V2WURHSx4NWN8Zu1M=",
        "owner": "solarized",
        "repo": "xresources",
        "rev": "025ceddbddf55f2eb4ab40b05889148aab9699fc",
        "type": "github"
      },
      "original": {
        "owner": "solarized",
        "repo": "xresources",
        "type": "github"
      }
    }
  },
  "root": "root",
  "version": 7
}
